
Microsoft Visual Studio Solution File, Format Version 12.00
# Visual Studio Version 17
VisualStudioVersion = 17.14.36915.13 d17.14
MinimumVisualStudioVersion = 10.0.40219.1
Project("{FAE04EC0-301F-11D3-BF4B-00C04F79EFBC}") = "ConceitosBasicos", "ConceitosBasicos\ConceitosBasicos.csproj", "{DBE211A7-E55C-45CB-8921-9C02FB5F4117}"
EndProject
Global
	GlobalSection(SolutionConfigurationPlatforms) = preSolution
		Debug|Any CPU = Debug|Any CPU
		Release|Any CPU = Release|Any CPU
	EndGlobalSection
	GlobalSection(ProjectConfigurationPlatforms) = postSolution
		{DBE211A7-E55C-45CB-8921-9C02FB5F4117}.Debug|Any CPU.ActiveCfg = Debug|Any CPU
		{DBE211A7-E55C-45CB-8921-9C02FB5F4117}.Debug|Any CPU.Build.0 = Debug|Any CPU
		{DBE211A7-E55C-45CB-8921-9C02FB5F4117}.Release|Any CPU.ActiveCfg = Release|Any CPU
		{DBE211A7-E55C-45CB-8921-9C02FB5F4117}.Release|Any CPU.Build.0 = Release|Any CPU
	EndGlobalSection
	GlobalSection(SolutionProperties) = preSolution
		HideSolutionNode = FALSE
	EndGlobalSection
	GlobalSection(ExtensibilityGlobals) = postSolution
		SolutionGuid = {8F04B68A-09E4-49F4-949A-284DA7FBCDE0}
	EndGlobalSection
EndGlobal
